
Microsoft Visual Studio Solution File, Format Version 12.00
# Visual Studio Version 16
VisualStudioVersion = 16.0.32106.194
MinimumVisualStudioVersion = 10.0.40219.1
Project("{9A19103F-16F7-4668-BE54-9A1E7A4F7556}") = "LoopsAndRandomNumbers", "LoopsAndRandomNumbers\LoopsAndRandomNumbers.csproj", "{74DA4527-226C-4FE8-8EEC-CB376D3BCAAB}"
EndProject
Project("{9A19103F-16F7-4668-BE54-9A1E7A4F7556}") = "PinInfiniteLoop", "PinInfiniteLoop\PinInfiniteLoop.csproj", "{B96808E9-33A2-418D-92F0-111C179433A7}"
EndProject
Project("{FAE04EC0-301F-11D3-BF4B-00C04F79EFBC}") = "RandomNumber", "RandomNumber\RandomNumber.csproj", "{80AE24A4-9059-4346-9180-63E45249F785}"
EndProject
Project("{FAE04EC0-301F-11D3-BF4B-00C04F79EFBC}") = "GuessingGameInfinite", "GuessingGameInfinite\GuessingGameInfinite.csproj", "{C76DCE2E-BD60-4B24-A114-1858AB46ACD2}"
EndProject
Project("{FAE04EC0-301F-11D3-BF4B-00C04F79EFBC}") = "GuessingGameThreeTries", "GuessingGameThreeTries\GuessingGameThreeTries.csproj", "{9490DA4D-04B6-4336-B37B-ADB13D914E1D}"
EndProject
Global
	GlobalSection(SolutionConfigurationPlatforms) = preSolution
		Debug|Any CPU = Debug|Any CPU
		Release|Any CPU = Release|Any CPU
	EndGlobalSection
	GlobalSection(ProjectConfigurationPlatforms) = postSolution
		{74DA4527-226C-4FE8-8EEC-CB376D3BCAAB}.Debug|Any CPU.ActiveCfg = Debug|Any CPU
		{74DA4527-226C-4FE8-8EEC-CB376D3BCAAB}.Debug|Any CPU.Build.0 = Debug|Any CPU
		{74DA4527-226C-4FE8-8EEC-CB376D3BCAAB}.Release|Any CPU.ActiveCfg = Release|Any CPU
		{74DA4527-226C-4FE8-8EEC-CB376D3BCAAB}.Release|Any CPU.Build.0 = Release|Any CPU
		{B96808E9-33A2-418D-92F0-111C179433A7}.Debug|Any CPU.ActiveCfg = Debug|Any CPU
		{B96808E9-33A2-418D-92F0-111C179433A7}.Debug|Any CPU.Build.0 = Debug|Any CPU
		{B96808E9-33A2-418D-92F0-111C179433A7}.Release|Any CPU.ActiveCfg = Release|Any CPU
		{B96808E9-33A2-418D-92F0-111C179433A7}.Release|Any CPU.Build.0 = Release|Any CPU
		{80AE24A4-9059-4346-9180-63E45249F785}.Debug|Any CPU.ActiveCfg = Debug|Any CPU
		{80AE24A4-9059-4346-9180-63E45249F785}.Debug|Any CPU.Build.0 = Debug|Any CPU
		{80AE24A4-9059-4346-9180-63E45249F785}.Release|Any CPU.ActiveCfg = Release|Any CPU
		{80AE24A4-9059-4346-9180-63E45249F785}.Release|Any CPU.Build.0 = Release|Any CPU
		{C76DCE2E-BD60-4B24-A114-1858AB46ACD2}.Debug|Any CPU.ActiveCfg = Debug|Any CPU
		{C76DCE2E-BD60-4B24-A114-1858AB46ACD2}.Debug|Any CPU.Build.0 = Debug|Any CPU
		{C76DCE2E-BD60-4B24-A114-1858AB46ACD2}.Release|Any CPU.ActiveCfg = Release|Any CPU
		{C76DCE2E-BD60-4B24-A114-1858AB46ACD2}.Release|Any CPU.Build.0 = Release|Any CPU
		{9490DA4D-04B6-4336-B37B-ADB13D914E1D}.Debug|Any CPU.ActiveCfg = Debug|Any CPU
		{9490DA4D-04B6-4336-B37B-ADB13D914E1D}.Debug|Any CPU.Build.0 = Debug|Any CPU
		{9490DA4D-04B6-4336-B37B-ADB13D914E1D}.Release|Any CPU.ActiveCfg = Release|Any CPU
		{9490DA4D-04B6-4336-B37B-ADB13D914E1D}.Release|Any CPU.Build.0 = Release|Any CPU
	EndGlobalSection
	GlobalSection(SolutionProperties) = preSolution
		HideSolutionNode = FALSE
	EndGlobalSection
	GlobalSection(ExtensibilityGlobals) = postSolution
		SolutionGuid = {B18D304B-F19C-4EA4-BEBE-3EF2422B30B4}
	EndGlobalSection
EndGlobal
